{
  "name": "mcp-profile-manager",
  "version": "0.1.0",
  "lockfileVersion": 3,
  "requires": true,
  "packages": {
    "": {
      "name": "mcp-profile-manager",
      "version": "0.1.0",
      "bin": {
        "mcp-profile": "src/index.js"
      },
      "engines": {
        "node": ">=18"
      }
    }
  }
}
